// !$*UTF8*$!
{
	archiveVersion = 1;
	classes = {
	};
	objectVersion = 77;
	objects = {

/* Begin PBXBuildFile section */
		011AE3B1284702BD93A22170 /* ActivityTests.swift in Sources */ = {isa = PBXBuildFile; fileRef = 2C3A764FA3BA06C898F35705 /* ActivityTests.swift */; };
		0693068365FEF4FC7885BBEE /* AuthClient.swift in Sources */ = {isa = PBXBuildFile; fileRef = C7695579679A633F115925B4 /* AuthClient.swift */; };
		105624E757FE802AE72A6D5E /* AuthTests.swift in Sources */ = {isa = PBXBuildFile; fileRef = 193C129956342695BE47F6BE /* AuthTests.swift */; };
		17E1816D3B2ACFC507DA6CB5 /* ShareTests.swift in Sources */ = {isa = PBXBuildFile; fileRef = E9C18E1CF344A0BFCB04856C /* ShareTests.swift */; };
		18F42EC39C262BC8E8C4C4FE /* Models.swift in Sources */ = {isa = PBXBuildFile; fileRef = 40D34824E776A962799FCBD4 /* Models.swift */; };
		28D55FC846CF877BE6D23A78 /* SharePayload.swift in Sources */ = {isa = PBXBuildFile; fileRef = 112C1E1A46E7D4960CEC3148 /* SharePayload.swift */; };
		290672D078598461F7DDC186 /* MainbrellaUITests.swift in Sources */ = {isa = PBXBuildFile; fileRef = B4E80997B0267F5698CBBB61 /* MainbrellaUITests.swift */; };
		37A41E8DE3746A0FEAE9A50D /* Models.swift in Sources */ = {isa = PBXBuildFile; fileRef = 40D34824E776A962799FCBD4 /* Models.swift */; };
		3CAE66197CE27E2186DE2E3E /* GoogleSignIn in Frameworks */ = {isa = PBXBuildFile; productRef = 385ED622A5F018E7FA2ACAA4 /* GoogleSignIn */; };
		443767BB8142A2DA74AF8EC2 /* PromptSpeech.swift in Sources */ = {isa = PBXBuildFile; fileRef = 9149E6717DBA6C96D4C69020 /* PromptSpeech.swift */; };
		4C2267C3DBF07C106DC5CB99 /* WorkspaceTools.swift in Sources */ = {isa = PBXBuildFile; fileRef = FD165057FECFFCACB7CFD1B9 /* WorkspaceTools.swift */; };
		59EE6403941A06D1E3C00F8A /* APIClientTests.swift in Sources */ = {isa = PBXBuildFile; fileRef = BD4912731F4CFB911B2D560A /* APIClientTests.swift */; };
		64442F50EE4FF4FEAB30109E /* Theme.swift in Sources */ = {isa = PBXBuildFile; fileRef = 06C7B97D2DCF907B8748AD22 /* Theme.swift */; };
		681B8F14B9D6B9B62B072DD6 /* ShareStore.swift in Sources */ = {isa = PBXBuildFile; fileRef = 8DB3BADC68BF3A112E1209B7 /* ShareStore.swift */; };
		6A6655C30D93AFD56751E058 /* ActivityStream.swift in Sources */ = {isa = PBXBuildFile; fileRef = 11E88D59967F2560B6A73E92 /* ActivityStream.swift */; };
		6A99E2DA002A7DC94678F2EA /* AppStore.swift in Sources */ = {isa = PBXBuildFile; fileRef = 4E828FB9B66A0E9D6D24D6B4 /* AppStore.swift */; };
		72CD2F27103848435D4821C9 /* WorkspaceAttachmentTests.swift in Sources */ = {isa = PBXBuildFile; fileRef = C6128933EE462488D2D26B33 /* WorkspaceAttachmentTests.swift */; };
		73E6101F700857C632EFB7DD /* Views.swift in Sources */ = {isa = PBXBuildFile; fileRef = 70C439273406A423783E58FB /* Views.swift */; };
		77184EB7CED1C0FE60AC8097 /* SharePayload.swift in Sources */ = {isa = PBXBuildFile; fileRef = 112C1E1A46E7D4960CEC3148 /* SharePayload.swift */; };
		7CDC14C27180D06AA6AEA056 /* Theme.swift in Sources */ = {isa = PBXBuildFile; fileRef = 06C7B97D2DCF907B8748AD22 /* Theme.swift */; };
		8C0201F305EC37D3AC7CFDEE /* ShareStore.swift in Sources */ = {isa = PBXBuildFile; fileRef = 8DB3BADC68BF3A112E1209B7 /* ShareStore.swift */; };
		95F423E3C613FD0F0A436469 /* Assets.xcassets in Resources */ = {isa = PBXBuildFile; fileRef = 3BD736C94C3F43D45D03A9F1 /* Assets.xcassets */; };
		9780C309FAE718FB01A531C5 /* InboxAttachment.swift in Sources */ = {isa = PBXBuildFile; fileRef = CA30E9C6C371A02FC7E98C8E /* InboxAttachment.swift */; };
		A4A90C2988D25B95F9CC3441 /* ConsoleView.swift in Sources */ = {isa = PBXBuildFile; fileRef = C14B24806C655833739497A7 /* ConsoleView.swift */; };
		BFA9ADA80AFD758227BF9F51 /* WelcomeView.swift in Sources */ = {isa = PBXBuildFile; fileRef = 4863230E54FB42F501FE57F8 /* WelcomeView.swift */; };
		C075D674E0D310E08D4FF6A3 /* LaunchScreen.storyboard in Resources */ = {isa = PBXBuildFile; fileRef = 57C767515B30B8DFB6B7209A /* LaunchScreen.storyboard */; };
		C352ABD78239009A86173004 /* AccountView.swift in Sources */ = {isa = PBXBuildFile; fileRef = 82CFC9BB07700683C1A310F6 /* AccountView.swift */; };
		CCAD223FBE202555804638DA /* APIClient.swift in Sources */ = {isa = PBXBuildFile; fileRef = 4F3D46EC596EF477E2CB2695 /* APIClient.swift */; };
		CFB11B020F0C3643135B727B /* WorkspaceAttachment.swift in Sources */ = {isa = PBXBuildFile; fileRef = 2DC7D46F6CEBBC51E451C110 /* WorkspaceAttachment.swift */; };
		D41F1AABCD9C53D983F6B5FC /* GoogleLogin.swift in Sources */ = {isa = PBXBuildFile; fileRef = DB2952A10A02A4A2C48DA3FF /* GoogleLogin.swift */; };
		D53C79C02AD96B290B56C142 /* ConsoleTests.swift in Sources */ = {isa = PBXBuildFile; fileRef = A5ECE1411DE922EF20CC3968 /* ConsoleTests.swift */; };
		D7544A89B23CA574BEA7B93C /* ShareViewController.swift in Sources */ = {isa = PBXBuildFile; fileRef = 92F95E06FE1753978E4A5FF4 /* ShareViewController.swift */; };
		D8A9F120C0B276A992B17908 /* APIClient.swift in Sources */ = {isa = PBXBuildFile; fileRef = 4F3D46EC596EF477E2CB2695 /* APIClient.swift */; };
		DB8AA6F1895457FA0D862445 /* ActivityStream.swift in Sources */ = {isa = PBXBuildFile; fileRef = 11E88D59967F2560B6A73E92 /* ActivityStream.swift */; };
		DBD456B2A57747323D28B00E /* GoogleSignInSwift in Frameworks */ = {isa = PBXBuildFile; productRef = B3A43A4758BD3467CC6FFC15 /* GoogleSignInSwift */; };
		DDAB3295CEB33F13A8A93555 /* PreviewView.swift in Sources */ = {isa = PBXBuildFile; fileRef = 7EB4ACC46E82DEB6ADDBAC39 /* PreviewView.swift */; };
		DF0EB591E0B1E1B37BCC2917 /* InboxAttachment.swift in Sources */ = {isa = PBXBuildFile; fileRef = CA30E9C6C371A02FC7E98C8E /* InboxAttachment.swift */; };
		E82346F03595F5654CB12271 /* MainbrellaShare.appex in Embed Foundation Extensions */ = {isa = PBXBuildFile; fileRef = 1F8A31D8BEB179371302E39A /* MainbrellaShare.appex */; settings = {ATTRIBUTES = (RemoveHeadersOnCopy, ); }; };
/* End PBXBuildFile section */

/* Begin PBXContainerItemProxy section */
		2C34A253D6D29E86EBF1B06C /* PBXContainerItemProxy */ = {
			isa = PBXContainerItemProxy;
			containerPortal = 86862591EE6CBAA464ADB88F /* Project object */;
			proxyType = 1;
			remoteGlobalIDString = 49A83DE100E35DEDAC0B3842;
			remoteInfo = Mainbrella;
		};
		489351C5B3C7D59866CD8441 /* PBXContainerItemProxy */ = {
			isa = PBXContainerItemProxy;
			containerPortal = 86862591EE6CBAA464ADB88F /* Project object */;
			proxyType = 1;
			remoteGlobalIDString = 49A83DE100E35DEDAC0B3842;
			remoteInfo = Mainbrella;
		};
		5B2606CCDDB21501EBCE46EF /* PBXContainerItemProxy */ = {
			isa = PBXContainerItemProxy;
			containerPortal = 86862591EE6CBAA464ADB88F /* Project object */;
			proxyType = 1;
			remoteGlobalIDString = 21E51EE3637E191C94B96ACA;
			remoteInfo = MainbrellaShare;
		};
/* End PBXContainerItemProxy section */

/* Begin PBXCopyFilesBuildPhase section */
		2937D2EFF7E297B24C6A6977 /* Embed Foundation Extensions */ = {
			isa = PBXCopyFilesBuildPhase;
			buildActionMask = 2147483647;
			dstPath = "";
			dstSubfolderSpec = 13;
			files = (
				E82346F03595F5654CB12271 /* MainbrellaShare.appex in Embed Foundation Extensions */,
			);
			name = "Embed Foundation Extensions";
			runOnlyForDeploymentPostprocessing = 0;
		};
/* End PBXCopyFilesBuildPhase section */

/* Begin PBXFileReference section */
		06C7B97D2DCF907B8748AD22 /* Theme.swift */ = {isa = PBXFileReference; lastKnownFileType = sourcecode.swift; path = Theme.swift; sourceTree = "<group>"; };
		0C3FE51898996659D486570C /* Mainbrella.entitlements */ = {isa = PBXFileReference; lastKnownFileType = text.plist.entitlements; path = Mainbrella.entitlements; sourceTree = "<group>"; };
		112C1E1A46E7D4960CEC3148 /* SharePayload.swift */ = {isa = PBXFileReference; lastKnownFileType = sourcecode.swift; path = SharePayload.swift; sourceTree = "<group>"; };
		11E88D59967F2560B6A73E92 /* ActivityStream.swift */ = {isa = PBXFileReference; lastKnownFileType = sourcecode.swift; path = ActivityStream.swift; sourceTree = "<group>"; };
		15E5FC29F2E5C57CDDC3040B /* MainbrellaTests.xctest */ = {isa = PBXFileReference; includeInIndex = 0; lastKnownFileType = wrapper.cfbundle; path = MainbrellaTests.xctest; sourceTree = BUILT_PRODUCTS_DIR; };
		193C129956342695BE47F6BE /* AuthTests.swift */ = {isa = PBXFileReference; lastKnownFileType = sourcecode.swift; path = AuthTests.swift; sourceTree = "<group>"; };
		1F8A31D8BEB179371302E39A /* MainbrellaShare.appex */ = {isa = PBXFileReference; includeInIndex = 0; lastKnownFileType = "wrapper.app-extension"; path = MainbrellaShare.appex; sourceTree = BUILT_PRODUCTS_DIR; };
		2C3A764FA3BA06C898F35705 /* ActivityTests.swift */ = {isa = PBXFileReference; lastKnownFileType = sourcecode.swift; path = ActivityTests.swift; sourceTree = "<group>"; };
		2DC7D46F6CEBBC51E451C110 /* WorkspaceAttachment.swift */ = {isa = PBXFileReference; lastKnownFileType = sourcecode.swift; path = WorkspaceAttachment.swift; sourceTree = "<group>"; };
		3BD736C94C3F43D45D03A9F1 /* Assets.xcassets */ = {isa = PBXFileReference; lastKnownFileType = folder.assetcatalog; path = Assets.xcassets; sourceTree = "<group>"; };
		40D34824E776A962799FCBD4 /* Models.swift */ = {isa = PBXFileReference; lastKnownFileType = sourcecode.swift; path = Models.swift; sourceTree = "<group>"; };
		4863230E54FB42F501FE57F8 /* WelcomeView.swift */ = {isa = PBXFileReference; lastKnownFileType = sourcecode.swift; path = WelcomeView.swift; sourceTree = "<group>"; };
		4E828FB9B66A0E9D6D24D6B4 /* AppStore.swift */ = {isa = PBXFileReference; lastKnownFileType = sourcecode.swift; path = AppStore.swift; sourceTree = "<group>"; };
		4F3D46EC596EF477E2CB2695 /* APIClient.swift */ = {isa = PBXFileReference; lastKnownFileType = sourcecode.swift; path = APIClient.swift; sourceTree = "<group>"; };
		57C767515B30B8DFB6B7209A /* LaunchScreen.storyboard */ = {isa = PBXFileReference; lastKnownFileType = file.storyboard; path = LaunchScreen.storyboard; sourceTree = "<group>"; };
		70C439273406A423783E58FB /* Views.swift */ = {isa = PBXFileReference; lastKnownFileType = sourcecode.swift; path = Views.swift; sourceTree = "<group>"; };
		7EB4ACC46E82DEB6ADDBAC39 /* PreviewView.swift */ = {isa = PBXFileReference; lastKnownFileType = sourcecode.swift; path = PreviewView.swift; sourceTree = "<group>"; };
		82CFC9BB07700683C1A310F6 /* AccountView.swift */ = {isa = PBXFileReference; lastKnownFileType = sourcecode.swift; path = AccountView.swift; sourceTree = "<group>"; };
		8DB3BADC68BF3A112E1209B7 /* ShareStore.swift */ = {isa = PBXFileReference; lastKnownFileType = sourcecode.swift; path = ShareStore.swift; sourceTree = "<group>"; };
		9149E6717DBA6C96D4C69020 /* PromptSpeech.swift */ = {isa = PBXFileReference; lastKnownFileType = sourcecode.swift; path = PromptSpeech.swift; sourceTree = "<group>"; };
		92F95E06FE1753978E4A5FF4 /* ShareViewController.swift */ = {isa = PBXFileReference; lastKnownFileType = sourcecode.swift; path = ShareViewController.swift; sourceTree = "<group>"; };
		9AC5F495BA6E19342E8F9BFD /* Mainbrella.app */ = {isa = PBXFileReference; includeInIndex = 0; lastKnownFileType = wrapper.application; path = Mainbrella.app; sourceTree = BUILT_PRODUCTS_DIR; };
		A5ECE1411DE922EF20CC3968 /* ConsoleTests.swift */ = {isa = PBXFileReference; lastKnownFileType = sourcecode.swift; path = ConsoleTests.swift; sourceTree = "<group>"; };
		B29D75F521567591FF80E96E /* MainbrellaShare.entitlements */ = {isa = PBXFileReference; lastKnownFileType = text.plist.entitlements; path = MainbrellaShare.entitlements; sourceTree = "<group>"; };
		B4E80997B0267F5698CBBB61 /* MainbrellaUITests.swift */ = {isa = PBXFileReference; lastKnownFileType = sourcecode.swift; path = MainbrellaUITests.swift; sourceTree = "<group>"; };
		BD4912731F4CFB911B2D560A /* APIClientTests.swift */ = {isa = PBXFileReference; lastKnownFileType = sourcecode.swift; path = APIClientTests.swift; sourceTree = "<group>"; };
		C14B24806C655833739497A7 /* ConsoleView.swift */ = {isa = PBXFileReference; lastKnownFileType = sourcecode.swift; path = ConsoleView.swift; sourceTree = "<group>"; };
		C6128933EE462488D2D26B33 /* WorkspaceAttachmentTests.swift */ = {isa = PBXFileReference; lastKnownFileType = sourcecode.swift; path = WorkspaceAttachmentTests.swift; sourceTree = "<group>"; };
		C7695579679A633F115925B4 /* AuthClient.swift */ = {isa = PBXFileReference; lastKnownFileType = sourcecode.swift; path = AuthClient.swift; sourceTree = "<group>"; };
		CA30E9C6C371A02FC7E98C8E /* InboxAttachment.swift */ = {isa = PBXFileReference; lastKnownFileType = sourcecode.swift; path = InboxAttachment.swift; sourceTree = "<group>"; };
		DB2952A10A02A4A2C48DA3FF /* GoogleLogin.swift */ = {isa = PBXFileReference; lastKnownFileType = sourcecode.swift; path = GoogleLogin.swift; sourceTree = "<group>"; };
		E9C18E1CF344A0BFCB04856C /* ShareTests.swift */ = {isa = PBXFileReference; lastKnownFileType = sourcecode.swift; path = ShareTests.swift; sourceTree = "<group>"; };
		FCA9FAAB713EBF3FA1D8FA2B /* MainbrellaUITests.xctest */ = {isa = PBXFileReference; includeInIndex = 0; lastKnownFileType = wrapper.cfbundle; path = MainbrellaUITests.xctest; sourceTree = BUILT_PRODUCTS_DIR; };
		FD165057FECFFCACB7CFD1B9 /* WorkspaceTools.swift */ = {isa = PBXFileReference; lastKnownFileType = sourcecode.swift; path = WorkspaceTools.swift; sourceTree = "<group>"; };
/* End PBXFileReference section */

/* Begin PBXFrameworksBuildPhase section */
		41C4ACB5019684D7BFEA635A /* Frameworks */ = {
			isa = PBXFrameworksBuildPhase;
			buildActionMask = 2147483647;
			files = (
				3CAE66197CE27E2186DE2E3E /* GoogleSignIn in Frameworks */,
				DBD456B2A57747323D28B00E /* GoogleSignInSwift in Frameworks */,
			);
			runOnlyForDeploymentPostprocessing = 0;
		};
/* End PBXFrameworksBuildPhase section */

/* Begin PBXGroup section */
		0099950B4E77F06F4D6A5268 /* MainbrellaUITests */ = {
			isa = PBXGroup;
			children = (
				B4E80997B0267F5698CBBB61 /* MainbrellaUITests.swift */,
			);
			path = MainbrellaUITests;
			sourceTree = "<group>";
		};
		7C01370E63E417914784A983 = {
			isa = PBXGroup;
			children = (
				D1537FD6A7209C47B5F81C56 /* Mainbrella */,
				B4C8B10B9B22DFC42FE18F4C /* MainbrellaShare */,
				FD8839FF69669CC1D1AEFAEE /* MainbrellaTests */,
				0099950B4E77F06F4D6A5268 /* MainbrellaUITests */,
				8EBE13E01CC837C6387D16E6 /* Products */,
			);
			sourceTree = "<group>";
		};
		8EBE13E01CC837C6387D16E6 /* Products */ = {
			isa = PBXGroup;
			children = (
				9AC5F495BA6E19342E8F9BFD /* Mainbrella.app */,
				1F8A31D8BEB179371302E39A /* MainbrellaShare.appex */,
				15E5FC29F2E5C57CDDC3040B /* MainbrellaTests.xctest */,
				FCA9FAAB713EBF3FA1D8FA2B /* MainbrellaUITests.xctest */,
			);
			name = Products;
			sourceTree = "<group>";
		};
		B4C8B10B9B22DFC42FE18F4C /* MainbrellaShare */ = {
			isa = PBXGroup;
			children = (
				B29D75F521567591FF80E96E /* MainbrellaShare.entitlements */,
				92F95E06FE1753978E4A5FF4 /* ShareViewController.swift */,
			);
			path = MainbrellaShare;
			sourceTree = "<group>";
		};
		D1537FD6A7209C47B5F81C56 /* Mainbrella */ = {
			isa = PBXGroup;
			children = (
				82CFC9BB07700683C1A310F6 /* AccountView.swift */,
				11E88D59967F2560B6A73E92 /* ActivityStream.swift */,
				4F3D46EC596EF477E2CB2695 /* APIClient.swift */,
				4E828FB9B66A0E9D6D24D6B4 /* AppStore.swift */,
				3BD736C94C3F43D45D03A9F1 /* Assets.xcassets */,
				C7695579679A633F115925B4 /* AuthClient.swift */,
				C14B24806C655833739497A7 /* ConsoleView.swift */,
				DB2952A10A02A4A2C48DA3FF /* GoogleLogin.swift */,
				CA30E9C6C371A02FC7E98C8E /* InboxAttachment.swift */,
				57C767515B30B8DFB6B7209A /* LaunchScreen.storyboard */,
				0C3FE51898996659D486570C /* Mainbrella.entitlements */,
				40D34824E776A962799FCBD4 /* Models.swift */,
				7EB4ACC46E82DEB6ADDBAC39 /* PreviewView.swift */,
				9149E6717DBA6C96D4C69020 /* PromptSpeech.swift */,
				112C1E1A46E7D4960CEC3148 /* SharePayload.swift */,
				8DB3BADC68BF3A112E1209B7 /* ShareStore.swift */,
				06C7B97D2DCF907B8748AD22 /* Theme.swift */,
				70C439273406A423783E58FB /* Views.swift */,
				4863230E54FB42F501FE57F8 /* WelcomeView.swift */,
				2DC7D46F6CEBBC51E451C110 /* WorkspaceAttachment.swift */,
				FD165057FECFFCACB7CFD1B9 /* WorkspaceTools.swift */,
			);
			path = Mainbrella;
			sourceTree = "<group>";
		};
		FD8839FF69669CC1D1AEFAEE /* MainbrellaTests */ = {
			isa = PBXGroup;
			children = (
				2C3A764FA3BA06C898F35705 /* ActivityTests.swift */,
				BD4912731F4CFB911B2D560A /* APIClientTests.swift */,
				193C129956342695BE47F6BE /* AuthTests.swift */,
				A5ECE1411DE922EF20CC3968 /* ConsoleTests.swift */,
				E9C18E1CF344A0BFCB04856C /* ShareTests.swift */,
				C6128933EE462488D2D26B33 /* WorkspaceAttachmentTests.swift */,
			);
			path = MainbrellaTests;
			sourceTree = "<group>";
		};
/* End PBXGroup section */

/* Begin PBXNativeTarget section */
		21E51EE3637E191C94B96ACA /* MainbrellaShare */ = {
			isa = PBXNativeTarget;
			buildConfigurationList = E30FD85BC0376E57A0D67B98 /* Build configuration list for PBXNativeTarget "MainbrellaShare" */;
			buildPhases = (
				18C3D58191EB08DB1AC04085 /* Sources */,
			);
			buildRules = (
			);
			dependencies = (
			);
			name = MainbrellaShare;
			packageProductDependencies = (
			);
			productName = MainbrellaShare;
			productReference = 1F8A31D8BEB179371302E39A /* MainbrellaShare.appex */;
			productType = "com.apple.product-type.app-extension";
		};
		49A83DE100E35DEDAC0B3842 /* Mainbrella */ = {
			isa = PBXNativeTarget;
			buildConfigurationList = F006DE74DF3EB3419977E40C /* Build configuration list for PBXNativeTarget "Mainbrella" */;
			buildPhases = (
				CEDC00218899D836AAFB57DB /* Sources */,
				C323DEDDC3252AAF33C8D2CF /* Resources */,
				41C4ACB5019684D7BFEA635A /* Frameworks */,
				2937D2EFF7E297B24C6A6977 /* Embed Foundation Extensions */,
			);
			buildRules = (
			);
			dependencies = (
				A3821BD840A610201B973E17 /* PBXTargetDependency */,
			);
			name = Mainbrella;
			packageProductDependencies = (
				385ED622A5F018E7FA2ACAA4 /* GoogleSignIn */,
				B3A43A4758BD3467CC6FFC15 /* GoogleSignInSwift */,
			);
			productName = Mainbrella;
			productReference = 9AC5F495BA6E19342E8F9BFD /* Mainbrella.app */;
			productType = "com.apple.product-type.application";
		};
		BD731EFD6A6FF0A02CDAA2F5 /* MainbrellaTests */ = {
			isa = PBXNativeTarget;
			buildConfigurationList = 72ABEEF04F42D4DB96C183C6 /* Build configuration list for PBXNativeTarget "MainbrellaTests" */;
			buildPhases = (
				56BE388C746E340E155772D4 /* Sources */,
			);
			buildRules = (
			);
			dependencies = (
				548B33F32A4EDB14D43DAA2D /* PBXTargetDependency */,
			);
			name = MainbrellaTests;
			packageProductDependencies = (
			);
			productName = MainbrellaTests;
			productReference = 15E5FC29F2E5C57CDDC3040B /* MainbrellaTests.xctest */;
			productType = "com.apple.product-type.bundle.unit-test";
		};
		C13425AA51DD5F4A16A4B41F /* MainbrellaUITests */ = {
			isa = PBXNativeTarget;
			buildConfigurationList = 491B20EC6FAEB9ACB502DE0B /* Build configuration list for PBXNativeTarget "MainbrellaUITests" */;
			buildPhases = (
				3FB25720AD1F0B05F4879E4E /* Sources */,
			);
			buildRules = (
			);
			dependencies = (
				CC56227C0068D16F6A9AD4D6 /* PBXTargetDependency */,
			);
			name = MainbrellaUITests;
			packageProductDependencies = (
			);
			productName = MainbrellaUITests;
			productReference = FCA9FAAB713EBF3FA1D8FA2B /* MainbrellaUITests.xctest */;
			productType = "com.apple.product-type.bundle.ui-testing";
		};
/* End PBXNativeTarget section */

/* Begin PBXProject section */
		86862591EE6CBAA464ADB88F /* Project object */ = {
			isa = PBXProject;
			attributes = {
				BuildIndependentTargetsInParallel = YES;
				LastUpgradeCheck = 1430;
				TargetAttributes = {
					21E51EE3637E191C94B96ACA = {
						DevelopmentTeam = "";
					};
					49A83DE100E35DEDAC0B3842 = {
						DevelopmentTeam = "";
					};
					BD731EFD6A6FF0A02CDAA2F5 = {
						DevelopmentTeam = "";
					};
					C13425AA51DD5F4A16A4B41F = {
						DevelopmentTeam = "";
						TestTargetID = 49A83DE100E35DEDAC0B3842;
					};
				};
			};
			buildConfigurationList = E1EDF8D7D9933A896174CB39 /* Build configuration list for PBXProject "Mainbrella" */;
			developmentRegion = en;
			hasScannedForEncodings = 0;
			knownRegions = (
				Base,
				en,
			);
			mainGroup = 7C01370E63E417914784A983;
			minimizedProjectReferenceProxies = 1;
			packageReferences = (
				B3B70798E3D427787137BDAA /* XCRemoteSwiftPackageReference "GoogleSignIn-iOS" */,
			);
			preferredProjectObjectVersion = 77;
			productRefGroup = 8EBE13E01CC837C6387D16E6 /* Products */;
			projectDirPath = "";
			projectRoot = "";
			targets = (
				49A83DE100E35DEDAC0B3842 /* Mainbrella */,
				21E51EE3637E191C94B96ACA /* MainbrellaShare */,
				BD731EFD6A6FF0A02CDAA2F5 /* MainbrellaTests */,
				C13425AA51DD5F4A16A4B41F /* MainbrellaUITests */,
			);
		};
/* End PBXProject section */

/* Begin PBXResourcesBuildPhase section */
		C323DEDDC3252AAF33C8D2CF /* Resources */ = {
			isa = PBXResourcesBuildPhase;
			buildActionMask = 2147483647;
			files = (
				95F423E3C613FD0F0A436469 /* Assets.xcassets in Resources */,
				C075D674E0D310E08D4FF6A3 /* LaunchScreen.storyboard in Resources */,
			);
			runOnlyForDeploymentPostprocessing = 0;
		};
/* End PBXResourcesBuildPhase section */

/* Begin PBXSourcesBuildPhase section */
		18C3D58191EB08DB1AC04085 /* Sources */ = {
			isa = PBXSourcesBuildPhase;
			buildActionMask = 2147483647;
			files = (
				D8A9F120C0B276A992B17908 /* APIClient.swift in Sources */,
				6A6655C30D93AFD56751E058 /* ActivityStream.swift in Sources */,
				9780C309FAE718FB01A531C5 /* InboxAttachment.swift in Sources */,
				18F42EC39C262BC8E8C4C4FE /* Models.swift in Sources */,
				77184EB7CED1C0FE60AC8097 /* SharePayload.swift in Sources */,
				681B8F14B9D6B9B62B072DD6 /* ShareStore.swift in Sources */,
				D7544A89B23CA574BEA7B93C /* ShareViewController.swift in Sources */,
				7CDC14C27180D06AA6AEA056 /* Theme.swift in Sources */,
			);
			runOnlyForDeploymentPostprocessing = 0;
		};
		3FB25720AD1F0B05F4879E4E /* Sources */ = {
			isa = PBXSourcesBuildPhase;
			buildActionMask = 2147483647;
			files = (
				290672D078598461F7DDC186 /* MainbrellaUITests.swift in Sources */,
			);
			runOnlyForDeploymentPostprocessing = 0;
		};
		56BE388C746E340E155772D4 /* Sources */ = {
			isa = PBXSourcesBuildPhase;
			buildActionMask = 2147483647;
			files = (
				59EE6403941A06D1E3C00F8A /* APIClientTests.swift in Sources */,
				011AE3B1284702BD93A22170 /* ActivityTests.swift in Sources */,
				105624E757FE802AE72A6D5E /* AuthTests.swift in Sources */,
				D53C79C02AD96B290B56C142 /* ConsoleTests.swift in Sources */,
				17E1816D3B2ACFC507DA6CB5 /* ShareTests.swift in Sources */,
				72CD2F27103848435D4821C9 /* WorkspaceAttachmentTests.swift in Sources */,
			);
			runOnlyForDeploymentPostprocessing = 0;
		};
		CEDC00218899D836AAFB57DB /* Sources */ = {
			isa = PBXSourcesBuildPhase;
			buildActionMask = 2147483647;
			files = (
				CCAD223FBE202555804638DA /* APIClient.swift in Sources */,
				C352ABD78239009A86173004 /* AccountView.swift in Sources */,
				DB8AA6F1895457FA0D862445 /* ActivityStream.swift in Sources */,
				6A99E2DA002A7DC94678F2EA /* AppStore.swift in Sources */,
				0693068365FEF4FC7885BBEE /* AuthClient.swift in Sources */,
				A4A90C2988D25B95F9CC3441 /* ConsoleView.swift in Sources */,
				D41F1AABCD9C53D983F6B5FC /* GoogleLogin.swift in Sources */,
				DF0EB591E0B1E1B37BCC2917 /* InboxAttachment.swift in Sources */,
				37A41E8DE3746A0FEAE9A50D /* Models.swift in Sources */,
				DDAB3295CEB33F13A8A93555 /* PreviewView.swift in Sources */,
				443767BB8142A2DA74AF8EC2 /* PromptSpeech.swift in Sources */,
				28D55FC846CF877BE6D23A78 /* SharePayload.swift in Sources */,
				8C0201F305EC37D3AC7CFDEE /* ShareStore.swift in Sources */,
				64442F50EE4FF4FEAB30109E /* Theme.swift in Sources */,
				73E6101F700857C632EFB7DD /* Views.swift in Sources */,
				BFA9ADA80AFD758227BF9F51 /* WelcomeView.swift in Sources */,
				CFB11B020F0C3643135B727B /* WorkspaceAttachment.swift in Sources */,
				4C2267C3DBF07C106DC5CB99 /* WorkspaceTools.swift in Sources */,
			);
			runOnlyForDeploymentPostprocessing = 0;
		};
/* End PBXSourcesBuildPhase section */

/* Begin PBXTargetDependency section */
		548B33F32A4EDB14D43DAA2D /* PBXTargetDependency */ = {
			isa = PBXTargetDependency;
			target = 49A83DE100E35DEDAC0B3842 /* Mainbrella */;
			targetProxy = 2C34A253D6D29E86EBF1B06C /* PBXContainerItemProxy */;
		};
		A3821BD840A610201B973E17 /* PBXTargetDependency */ = {
			isa = PBXTargetDependency;
			target = 21E51EE3637E191C94B96ACA /* MainbrellaShare */;
			targetProxy = 5B2606CCDDB21501EBCE46EF /* PBXContainerItemProxy */;
		};
		CC56227C0068D16F6A9AD4D6 /* PBXTargetDependency */ = {
			isa = PBXTargetDependency;
			target = 49A83DE100E35DEDAC0B3842 /* Mainbrella */;
			targetProxy = 489351C5B3C7D59866CD8441 /* PBXContainerItemProxy */;
		};
/* End PBXTargetDependency section */

/* Begin XCBuildConfiguration section */
		29A8C2C7793F0046F584BB07 /* Debug */ = {
			isa = XCBuildConfiguration;
			buildSettings = {
				APPLICATION_EXTENSION_API_ONLY = YES;
				CODE_SIGN_ENTITLEMENTS = MainbrellaShare/MainbrellaShare.entitlements;
				INFOPLIST_FILE = MainbrellaShare/Info.plist;
				LD_RUNPATH_SEARCH_PATHS = (
					"$(inherited)",
					"@executable_path/Frameworks",
					"@executable_path/../../Frameworks",
				);
				PRODUCT_BUNDLE_IDENTIFIER = com.mainbrella.ios.share;
				SDKROOT = iphoneos;
				SKIP_INSTALL = YES;
				TARGETED_DEVICE_FAMILY = "1,2";
			};
			name = Debug;
		};
		2C891459585766987B929575 /* Release */ = {
			isa = XCBuildConfiguration;
			buildSettings = {
				BUNDLE_LOADER = "$(TEST_HOST)";
				LD_RUNPATH_SEARCH_PATHS = (
					"$(inherited)",
					"@executable_path/Frameworks",
					"@loader_path/Frameworks",
				);
				PRODUCT_BUNDLE_IDENTIFIER = com.mainbrella.MainbrellaUITests;
				SDKROOT = iphoneos;
				TARGETED_DEVICE_FAMILY = "1,2";
				TEST_TARGET_NAME = Mainbrella;
			};
			name = Release;
		};
		2E53F51E0144A6BE28124CDA /* Release */ = {
			isa = XCBuildConfiguration;
			buildSettings = {
				APPLICATION_EXTENSION_API_ONLY = YES;
				CODE_SIGN_ENTITLEMENTS = MainbrellaShare/MainbrellaShare.entitlements;
				INFOPLIST_FILE = MainbrellaShare/Info.plist;
				LD_RUNPATH_SEARCH_PATHS = (
					"$(inherited)",
					"@executable_path/Frameworks",
					"@executable_path/../../Frameworks",
				);
				PRODUCT_BUNDLE_IDENTIFIER = com.mainbrella.ios.share;
				SDKROOT = iphoneos;
				SKIP_INSTALL = YES;
				TARGETED_DEVICE_FAMILY = "1,2";
			};
			name = Release;
		};
		51E96655549267C6F3DAA9F7 /* Release */ = {
			isa = XCBuildConfiguration;
			buildSettings = {
				ASSETCATALOG_COMPILER_APPICON_NAME = AppIcon;
				CODE_SIGN_ENTITLEMENTS = Mainbrella/Mainbrella.entitlements;
				CODE_SIGN_IDENTITY = "iPhone Developer";
				GENERATE_INFOPLIST_FILE = YES;
				INFOPLIST_FILE = Mainbrella/Info.plist;
				INFOPLIST_KEY_UIApplicationSceneManifest_Generation = YES;
				INFOPLIST_KEY_UILaunchStoryboardName = LaunchScreen;
				INFOPLIST_KEY_UIUserInterfaceStyle = Dark;
				LD_RUNPATH_SEARCH_PATHS = (
					"$(inherited)",
					"@executable_path/Frameworks",
				);
				PRODUCT_BUNDLE_IDENTIFIER = com.mainbrella.ios;
				SDKROOT = iphoneos;
				TARGETED_DEVICE_FAMILY = "1,2";
			};
			name = Release;
		};
		58568D1621B52F8DFC36C878 /* Release */ = {
			isa = XCBuildConfiguration;
			buildSettings = {
				BUNDLE_LOADER = "$(TEST_HOST)";
				LD_RUNPATH_SEARCH_PATHS = (
					"$(inherited)",
					"@executable_path/Frameworks",
					"@loader_path/Frameworks",
				);
				PRODUCT_BUNDLE_IDENTIFIER = com.mainbrella.MainbrellaTests;
				SDKROOT = iphoneos;
				TARGETED_DEVICE_FAMILY = "1,2";
				TEST_HOST = "$(BUILT_PRODUCTS_DIR)/Mainbrella.app/Mainbrella";
			};
			name = Release;
		};
		5E09CEF45B94A12B988ACF14 /* Debug */ = {
			isa = XCBuildConfiguration;
			buildSettings = {
				ASSETCATALOG_COMPILER_APPICON_NAME = AppIcon;
				CODE_SIGN_ENTITLEMENTS = Mainbrella/Mainbrella.entitlements;
				CODE_SIGN_IDENTITY = "iPhone Developer";
				GENERATE_INFOPLIST_FILE = YES;
				INFOPLIST_FILE = Mainbrella/Info.plist;
				INFOPLIST_KEY_UIApplicationSceneManifest_Generation = YES;
				INFOPLIST_KEY_UILaunchStoryboardName = LaunchScreen;
				INFOPLIST_KEY_UIUserInterfaceStyle = Dark;
				LD_RUNPATH_SEARCH_PATHS = (
					"$(inherited)",
					"@executable_path/Frameworks",
				);
				PRODUCT_BUNDLE_IDENTIFIER = com.mainbrella.ios;
				SDKROOT = iphoneos;
				TARGETED_DEVICE_FAMILY = "1,2";
			};
			name = Debug;
		};
		7418D1543B1BB80E4F9D6D10 /* Debug */ = {
			isa = XCBuildConfiguration;
			buildSettings = {
				BUNDLE_LOADER = "$(TEST_HOST)";
				LD_RUNPATH_SEARCH_PATHS = (
					"$(inherited)",
					"@executable_path/Frameworks",
					"@loader_path/Frameworks",
				);
				PRODUCT_BUNDLE_IDENTIFIER = com.mainbrella.MainbrellaTests;
				SDKROOT = iphoneos;
				TARGETED_DEVICE_FAMILY = "1,2";
				TEST_HOST = "$(BUILT_PRODUCTS_DIR)/Mainbrella.app/Mainbrella";
			};
			name = Debug;
		};
		9F8F9EDFC34E84981A97D8A1 /* Debug */ = {
			isa = XCBuildConfiguration;
			buildSettings = {
				BUNDLE_LOADER = "$(TEST_HOST)";
				LD_RUNPATH_SEARCH_PATHS = (
					"$(inherited)",
					"@executable_path/Frameworks",
					"@loader_path/Frameworks",
				);
				PRODUCT_BUNDLE_IDENTIFIER = com.mainbrella.MainbrellaUITests;
				SDKROOT = iphoneos;
				TARGETED_DEVICE_FAMILY = "1,2";
				TEST_TARGET_NAME = Mainbrella;
			};
			name = Debug;
		};
		D0404739A64942D7B7289552 /* Release */ = {
			isa = XCBuildConfiguration;
			buildSettings = {
				ALWAYS_SEARCH_USER_PATHS = NO;
				CLANG_ANALYZER_NONNULL = YES;
				CLANG_ANALYZER_NUMBER_OBJECT_CONVERSION = YES_AGGRESSIVE;
				CLANG_CXX_LANGUAGE_STANDARD = "gnu++14";
				CLANG_CXX_LIBRARY = "libc++";
				CLANG_ENABLE_MODULES = YES;
				CLANG_ENABLE_OBJC_ARC = YES;
				CLANG_ENABLE_OBJC_WEAK = YES;
				CLANG_WARN_BLOCK_CAPTURE_AUTORELEASING = YES;
				CLANG_WARN_BOOL_CONVERSION = YES;
				CLANG_WARN_COMMA = YES;
				CLANG_WARN_CONSTANT_CONVERSION = YES;
				CLANG_WARN_DEPRECATED_OBJC_IMPLEMENTATIONS = YES;
				CLANG_WARN_DIRECT_OBJC_ISA_USAGE = YES_ERROR;
				CLANG_WARN_DOCUMENTATION_COMMENTS = YES;
				CLANG_WARN_EMPTY_BODY = YES;
				CLANG_WARN_ENUM_CONVERSION = YES;
				CLANG_WARN_INFINITE_RECURSION = YES;
				CLANG_WARN_INT_CONVERSION = YES;
				CLANG_WARN_NON_LITERAL_NULL_CONVERSION = YES;
				CLANG_WARN_OBJC_IMPLICIT_RETAIN_SELF = YES;
				CLANG_WARN_OBJC_LITERAL_CONVERSION = YES;
				CLANG_WARN_OBJC_ROOT_CLASS = YES_ERROR;
				CLANG_WARN_QUOTED_INCLUDE_IN_FRAMEWORK_HEADER = YES;
				CLANG_WARN_RANGE_LOOP_ANALYSIS = YES;
				CLANG_WARN_STRICT_PROTOTYPES = YES;
				CLANG_WARN_SUSPICIOUS_MOVE = YES;
				CLANG_WARN_UNGUARDED_AVAILABILITY = YES_AGGRESSIVE;
				CLANG_WARN_UNREACHABLE_CODE = YES;
				CLANG_WARN__DUPLICATE_METHOD_MATCH = YES;
				COPY_PHASE_STRIP = NO;
				CURRENT_PROJECT_VERSION = 1;
				DEBUG_INFORMATION_FORMAT = "dwarf-with-dsym";
				DEVELOPMENT_TEAM = "";
				ENABLE_NS_ASSERTIONS = NO;
				ENABLE_STRICT_OBJC_MSGSEND = YES;
				GCC_C_LANGUAGE_STANDARD = gnu11;
				GCC_NO_COMMON_BLOCKS = YES;
				GCC_WARN_64_TO_32_BIT_CONVERSION = YES;
				GCC_WARN_ABOUT_RETURN_TYPE = YES_ERROR;
				GCC_WARN_UNDECLARED_SELECTOR = YES;
				GCC_WARN_UNINITIALIZED_AUTOS = YES_AGGRESSIVE;
				GCC_WARN_UNUSED_FUNCTION = YES;
				GCC_WARN_UNUSED_VARIABLE = YES;
				GENERATE_INFOPLIST_FILE = YES;
				INFOPLIST_KEY_CFBundleShortVersionString = "$(MARKETING_VERSION)";
				INFOPLIST_KEY_CFBundleVersion = "$(CURRENT_PROJECT_VERSION)";
				IPHONEOS_DEPLOYMENT_TARGET = 17.0;
				MARKETING_VERSION = 1.0;
				MTL_ENABLE_DEBUG_INFO = NO;
				MTL_FAST_MATH = YES;
				PRODUCT_NAME = "$(TARGET_NAME)";
				SDKROOT = iphoneos;
				SWIFT_COMPILATION_MODE = wholemodule;
				SWIFT_OPTIMIZATION_LEVEL = "-O";
				SWIFT_VERSION = 5.0;
			};
			name = Release;
		};
		FF5C451093EFCDBDCF7C9955 /* Debug */ = {
			isa = XCBuildConfiguration;
			buildSettings = {
				ALWAYS_SEARCH_USER_PATHS = NO;
				CLANG_ANALYZER_NONNULL = YES;
				CLANG_ANALYZER_NUMBER_OBJECT_CONVERSION = YES_AGGRESSIVE;
				CLANG_CXX_LANGUAGE_STANDARD = "gnu++14";
				CLANG_CXX_LIBRARY = "libc++";
				CLANG_ENABLE_MODULES = YES;
				CLANG_ENABLE_OBJC_ARC = YES;
				CLANG_ENABLE_OBJC_WEAK = YES;
				CLANG_WARN_BLOCK_CAPTURE_AUTORELEASING = YES;
				CLANG_WARN_BOOL_CONVERSION = YES;
				CLANG_WARN_COMMA = YES;
				CLANG_WARN_CONSTANT_CONVERSION = YES;
				CLANG_WARN_DEPRECATED_OBJC_IMPLEMENTATIONS = YES;
				CLANG_WARN_DIRECT_OBJC_ISA_USAGE = YES_ERROR;
				CLANG_WARN_DOCUMENTATION_COMMENTS = YES;
				CLANG_WARN_EMPTY_BODY = YES;
				CLANG_WARN_ENUM_CONVERSION = YES;
				CLANG_WARN_INFINITE_RECURSION = YES;
				CLANG_WARN_INT_CONVERSION = YES;
				CLANG_WARN_NON_LITERAL_NULL_CONVERSION = YES;
				CLANG_WARN_OBJC_IMPLICIT_RETAIN_SELF = YES;
				CLANG_WARN_OBJC_LITERAL_CONVERSION = YES;
				CLANG_WARN_OBJC_ROOT_CLASS = YES_ERROR;
				CLANG_WARN_QUOTED_INCLUDE_IN_FRAMEWORK_HEADER = YES;
				CLANG_WARN_RANGE_LOOP_ANALYSIS = YES;
				CLANG_WARN_STRICT_PROTOTYPES = YES;
				CLANG_WARN_SUSPICIOUS_MOVE = YES;
				CLANG_WARN_UNGUARDED_AVAILABILITY = YES_AGGRESSIVE;
				CLANG_WARN_UNREACHABLE_CODE = YES;
				CLANG_WARN__DUPLICATE_METHOD_MATCH = YES;
				COPY_PHASE_STRIP = NO;
				CURRENT_PROJECT_VERSION = 1;
				DEBUG_INFORMATION_FORMAT = dwarf;
				DEVELOPMENT_TEAM = "";
				ENABLE_STRICT_OBJC_MSGSEND = YES;
				ENABLE_TESTABILITY = YES;
				GCC_C_LANGUAGE_STANDARD = gnu11;
				GCC_DYNAMIC_NO_PIC = NO;
				GCC_NO_COMMON_BLOCKS = YES;
				GCC_OPTIMIZATION_LEVEL = 0;
				GCC_PREPROCESSOR_DEFINITIONS = (
					"$(inherited)",
					"DEBUG=1",
				);
				GCC_WARN_64_TO_32_BIT_CONVERSION = YES;
				GCC_WARN_ABOUT_RETURN_TYPE = YES_ERROR;
				GCC_WARN_UNDECLARED_SELECTOR = YES;
				GCC_WARN_UNINITIALIZED_AUTOS = YES_AGGRESSIVE;
				GCC_WARN_UNUSED_FUNCTION = YES;
				GCC_WARN_UNUSED_VARIABLE = YES;
				GENERATE_INFOPLIST_FILE = YES;
				INFOPLIST_KEY_CFBundleShortVersionString = "$(MARKETING_VERSION)";
				INFOPLIST_KEY_CFBundleVersion = "$(CURRENT_PROJECT_VERSION)";
				IPHONEOS_DEPLOYMENT_TARGET = 17.0;
				MARKETING_VERSION = 1.0;
				MTL_ENABLE_DEBUG_INFO = INCLUDE_SOURCE;
				MTL_FAST_MATH = YES;
				ONLY_ACTIVE_ARCH = YES;
				PRODUCT_NAME = "$(TARGET_NAME)";
				SDKROOT = iphoneos;
				SWIFT_ACTIVE_COMPILATION_CONDITIONS = DEBUG;
				SWIFT_OPTIMIZATION_LEVEL = "-Onone";
				SWIFT_VERSION = 5.0;
			};
			name = Debug;
		};
/* End XCBuildConfiguration section */

/* Begin XCConfigurationList section */
		491B20EC6FAEB9ACB502DE0B /* Build configuration list for PBXNativeTarget "MainbrellaUITests" */ = {
			isa = XCConfigurationList;
			buildConfigurations = (
				9F8F9EDFC34E84981A97D8A1 /* Debug */,
				2C891459585766987B929575 /* Release */,
			);
			defaultConfigurationIsVisible = 0;
			defaultConfigurationName = Debug;
		};
		72ABEEF04F42D4DB96C183C6 /* Build configuration list for PBXNativeTarget "MainbrellaTests" */ = {
			isa = XCConfigurationList;
			buildConfigurations = (
				7418D1543B1BB80E4F9D6D10 /* Debug */,
				58568D1621B52F8DFC36C878 /* Release */,
			);
			defaultConfigurationIsVisible = 0;
			defaultConfigurationName = Debug;
		};
		E1EDF8D7D9933A896174CB39 /* Build configuration list for PBXProject "Mainbrella" */ = {
			isa = XCConfigurationList;
			buildConfigurations = (
				FF5C451093EFCDBDCF7C9955 /* Debug */,
				D0404739A64942D7B7289552 /* Release */,
			);
			defaultConfigurationIsVisible = 0;
			defaultConfigurationName = Debug;
		};
		E30FD85BC0376E57A0D67B98 /* Build configuration list for PBXNativeTarget "MainbrellaShare" */ = {
			isa = XCConfigurationList;
			buildConfigurations = (
				29A8C2C7793F0046F584BB07 /* Debug */,
				2E53F51E0144A6BE28124CDA /* Release */,
			);
			defaultConfigurationIsVisible = 0;
			defaultConfigurationName = Debug;
		};
		F006DE74DF3EB3419977E40C /* Build configuration list for PBXNativeTarget "Mainbrella" */ = {
			isa = XCConfigurationList;
			buildConfigurations = (
				5E09CEF45B94A12B988ACF14 /* Debug */,
				51E96655549267C6F3DAA9F7 /* Release */,
			);
			defaultConfigurationIsVisible = 0;
			defaultConfigurationName = Debug;
		};
/* End XCConfigurationList section */

/* Begin XCRemoteSwiftPackageReference section */
		B3B70798E3D427787137BDAA /* XCRemoteSwiftPackageReference "GoogleSignIn-iOS" */ = {
			isa = XCRemoteSwiftPackageReference;
			repositoryURL = "https://github.com/google/GoogleSignIn-iOS";
			requirement = {
				kind = upToNextMajorVersion;
				minimumVersion = 9.0.0;
			};
		};
/* End XCRemoteSwiftPackageReference section */

/* Begin XCSwiftPackageProductDependency section */
		385ED622A5F018E7FA2ACAA4 /* GoogleSignIn */ = {
			isa = XCSwiftPackageProductDependency;
			package = B3B70798E3D427787137BDAA /* XCRemoteSwiftPackageReference "GoogleSignIn-iOS" */;
			productName = GoogleSignIn;
		};
		B3A43A4758BD3467CC6FFC15 /* GoogleSignInSwift */ = {
			isa = XCSwiftPackageProductDependency;
			package = B3B70798E3D427787137BDAA /* XCRemoteSwiftPackageReference "GoogleSignIn-iOS" */;
			productName = GoogleSignInSwift;
		};
/* End XCSwiftPackageProductDependency section */
	};
	rootObject = 86862591EE6CBAA464ADB88F /* Project object */;
}
